// !$*UTF8*$!
{
	archiveVersion = 1;
	classes = {
	};
	objectVersion = 46;
	objects = {

/* Begin PBXBuildFile section */
		D4FEDABA1C246BC60007B4D7 /* AppDelegate.swift in Sources */ = {isa = PBXBuildFile; fileRef = D4FEDAB91C246BC60007B4D7 /* AppDelegate.swift */; };
		D4FEDABC1C246BC60007B4D7 /* ViewController.swift in Sources */ = {isa = PBXBuildFile; fileRef = D4FEDABB1C246BC60007B4D7 /* ViewController.swift */; };
		D4FEDABF1C246BC60007B4D7 /* Main.storyboard in Resources */ = {isa = PBXBuildFile; fileRef = D4FEDABD1C246BC60007B4D7 /* Main.storyboard */; };
		D4FEDAC21C246BC60007B4D7 /* CoreDataScratch.xcdatamodeld in Sources */ = {isa = PBXBuildFile; fileRef = D4FEDAC01C246BC60007B4D7 /* CoreDataScratch.xcdatamodeld */; };
		D4FEDAC41C246BC60007B4D7 /* Assets.xcassets in Resources */ = {isa = PBXBuildFile; fileRef = D4FEDAC31C246BC60007B4D7 /* Assets.xcassets */; };
		D4FEDAC71C246BC60007B4D7 /* LaunchScreen.storyboard in Resources */ = {isa = PBXBuildFile; fileRef = D4FEDAC51C246BC60007B4D7 /* LaunchScreen.storyboard */; };
		D4FEDAD21C246BC60007B4D7 /* CoreDataScratchTests.swift in Sources */ = {isa = PBXBuildFile; fileRef = D4FEDAD11C246BC60007B4D7 /* CoreDataScratchTests.swift */; };
		D4FEDADD1C246BC60007B4D7 /* CoreDataScratchUITests.swift in Sources */ = {isa = PBXBuildFile; fileRef = D4FEDADC1C246BC60007B4D7 /* CoreDataScratchUITests.swift */; };
/* End PBXBuildFile section */

/* Begin PBXContainerItemProxy section */
		D4FEDACE1C246BC60007B4D7 /* PBXContainerItemProxy */ = {
			isa = PBXContainerItemProxy;
			containerPortal = D4FEDAAE1C246BC60007B4D7 /* Project object */;
			proxyType = 1;
			remoteGlobalIDString = D4FEDAB51C246BC60007B4D7;
			remoteInfo = CoreDataScratch;
		};
		D4FEDAD91C246BC60007B4D7 /* PBXContainerItemProxy */ = {
			isa = PBXContainerItemProxy;
			containerPortal = D4FEDAAE1C246BC60007B4D7 /* Project object */;
			proxyType = 1;
			remoteGlobalIDString = D4FEDAB51C246BC60007B4D7;
			remoteInfo = CoreDataScratch;
		};
/* End PBXContainerItemProxy section */

/* Begin PBXFileReference section */
		D4FEDAB61C246BC60007B4D7 /* CoreDataScratch.app */ = {isa = PBXFileReference; explicitFileType = wrapper.application; includeInIndex = 0; path = CoreDataScratch.app; sourceTree = BUILT_PRODUCTS_DIR; };
		D4FEDAB91C246BC60007B4D7 /* AppDelegate.swift */ = {isa = PBXFileReference; lastKnownFileType = sourcecode.swift; path = AppDelegate.swift; sourceTree = "<group>"; };
		D4FEDABB1C246BC60007B4D7 /* ViewController.swift */ = {isa = PBXFileReference; lastKnownFileType = sourcecode.swift; path = ViewController.swift; sourceTree = "<group>"; };
		D4FEDABE1C246BC60007B4D7 /* Base */ = {isa = PBXFileReference; lastKnownFileType = file.storyboard; name = Base; path = Base.lproj/Main.storyboard; sourceTree = "<group>"; };
		D4FEDAC11C246BC60007B4D7 /* CoreDataScratch.xcdatamodel */ = {isa = PBXFileReference; lastKnownFileType = wrapper.xcdatamodel; path = CoreDataScratch.xcdatamodel; sourceTree = "<group>"; };
		D4FEDAC31C246BC60007B4D7 /* Assets.xcassets */ = {isa = PBXFileReference; lastKnownFileType = folder.assetcatalog; path = Assets.xcassets; sourceTree = "<group>"; };
		D4FEDAC61C246BC60007B4D7 /* Base */ = {isa = PBXFileReference; lastKnownFileType = file.storyboard; name = Base; path = Base.lproj/LaunchScreen.storyboard; sourceTree = "<group>"; };
		D4FEDAC81C246BC60007B4D7 /* Info.plist */ = {isa = PBXFileReference; lastKnownFileType = text.plist.xml; path = Info.plist; sourceTree = "<group>"; };
		D4FEDACD1C246BC60007B4D7 /* CoreDataScratchTests.xctest */ = {isa = PBXFileReference; explicitFileType = wrapper.cfbundle; includeInIndex = 0; path = CoreDataScratchTests.xctest; sourceTree = BUILT_PRODUCTS_DIR; };
		D4FEDAD11C246BC60007B4D7 /* CoreDataScratchTests.swift */ = {isa = PBXFileReference; lastKnownFileType = sourcecode.swift; path = CoreDataScratchTests.swift; sourceTree = "<group>"; };
		D4FEDAD31C246BC60007B4D7 /* Info.plist */ = {isa = PBXFileReference; lastKnownFileType = text.plist.xml; path = Info.plist; sourceTree = "<group>"; };
		D4FEDAD81C246BC60007B4D7 /* CoreDataScratchUITests.xctest */ = {isa = PBXFileReference; explicitFileType = wrapper.cfbundle; includeInIndex = 0; path = CoreDataScratchUITests.xctest; sourceTree = BUILT_PRODUCTS_DIR; };
		D4FEDADC1C246BC60007B4D7 /* CoreDataScratchUITests.swift */ = {isa = PBXFileReference; lastKnownFileType = sourcecode.swift; path = CoreDataScratchUITests.swift; sourceTree = "<group>"; };
		D4FEDADE1C246BC60007B4D7 /* Info.plist */ = {isa = PBXFileReference; lastKnownFileType = text.plist.xml; path = Info.plist; sourceTree = "<group>"; };
/* End PBXFileReference section */

/* Begin PBXFrameworksBuildPhase section */
		D4FEDAB31C246BC60007B4D7 /* Frameworks */ = {
			isa = PBXFrameworksBuildPhase;
			buildActionMask = 2147483647;
			files = (
			);
			runOnlyForDeploymentPostprocessing = 0;
		};
		D4FEDACA1C246BC60007B4D7 /* Frameworks */ = {
			isa = PBXFrameworksBuildPhase;
			buildActionMask = 2147483647;
			files = (
			);
			runOnlyForDeploymentPostprocessing = 0;
		};
		D4FEDAD51C246BC60007B4D7 /* Frameworks */ = {
			isa = PBXFrameworksBuildPhase;
			buildActionMask = 2147483647;
			files = (
			);
			runOnlyForDeploymentPostprocessing = 0;
		};
/* End PBXFrameworksBuildPhase section */

/* Begin PBXGroup section */
		D4FEDAAD1C246BC60007B4D7 = {
			isa = PBXGroup;
			children = (
				D4FEDAB81C246BC60007B4D7 /* CoreDataScratch */,
				D4FEDAD01C246BC60007B4D7 /* CoreDataScratchTests */,
				D4FEDADB1C246BC60007B4D7 /* CoreDataScratchUITests */,
				D4FEDAB71C246BC60007B4D7 /* Products */,
			);
			sourceTree = "<group>";
		};
		D4FEDAB71C246BC60007B4D7 /* Products */ = {
			isa = PBXGroup;
			children = (
				D4FEDAB61C246BC60007B4D7 /* CoreDataScratch.app */,
				D4FEDACD1C246BC60007B4D7 /* CoreDataScratchTests.xctest */,
				D4FEDAD81C246BC60007B4D7 /* CoreDataScratchUITests.xctest */,
			);
			name = Products;
			sourceTree = "<group>";
		};
		D4FEDAB81C246BC60007B4D7 /* CoreDataScratch */ = {
			isa = PBXGroup;
			children = (
				D4FEDAB91C246BC60007B4D7 /* AppDelegate.swift */,
				D4FEDABB1C246BC60007B4D7 /* ViewController.swift */,
				D4FEDABD1C246BC60007B4D7 /* Main.storyboard */,
				D4FEDAC31C246BC60007B4D7 /* Assets.xcassets */,
				D4FEDAC51C246BC60007B4D7 /* LaunchScreen.storyboard */,
				D4FEDAC81C246BC60007B4D7 /* Info.plist */,
				D4FEDAC01C246BC60007B4D7 /* CoreDataScratch.xcdatamodeld */,
			);
			path = CoreDataScratch;
			sourceTree = "<group>";
		};
		D4FEDAD01C246BC60007B4D7 /* CoreDataScratchTests */ = {
			isa = PBXGroup;
			children = (
				D4FEDAD11C246BC60007B4D7 /* CoreDataScratchTests.swift */,
				D4FEDAD31C246BC60007B4D7 /* Info.plist */,
			);
			path = CoreDataScratchTests;
			sourceTree = "<group>";
		};
		D4FEDADB1C246BC60007B4D7 /* CoreDataScratchUITests */ = {
			isa = PBXGroup;
			children = (
				D4FEDADC1C246BC60007B4D7 /* CoreDataScratchUITests.swift */,
				D4FEDADE1C246BC60007B4D7 /* Info.plist */,
			);
			path = CoreDataScratchUITests;
			sourceTree = "<group>";
		};
/* End PBXGroup section */

/* Begin PBXNativeTarget section */
		D4FEDAB51C246BC60007B4D7 /* CoreDataScratch */ = {
			isa = PBXNativeTarget;
			buildConfigurationList = D4FEDAE11C246BC60007B4D7 /* Build configuration list for PBXNativeTarget "CoreDataScratch" */;
			buildPhases = (
				D4FEDAB21C246BC60007B4D7 /* Sources */,
				D4FEDAB31C246BC60007B4D7 /* Frameworks */,
				D4FEDAB41C246BC60007B4D7 /* Resources */,
			);
			buildRules = (
			);
			dependencies = (
			);
			name = CoreDataScratch;
			productName = CoreDataScratch;
			productReference = D4FEDAB61C246BC60007B4D7 /* CoreDataScratch.app */;
			productType = "com.apple.product-type.application";
		};
		D4FEDACC1C246BC60007B4D7 /* CoreDataScratchTests */ = {
			isa = PBXNativeTarget;
			buildConfigurationList = D4FEDAE41C246BC60007B4D7 /* Build configuration list for PBXNativeTarget "CoreDataScratchTests" */;
			buildPhases = (
				D4FEDAC91C246BC60007B4D7 /* Sources */,
				D4FEDACA1C246BC60007B4D7 /* Frameworks */,
				D4FEDACB1C246BC60007B4D7 /* Resources */,
			);
			buildRules = (
			);
			dependencies = (
				D4FEDACF1C246BC60007B4D7 /* PBXTargetDependency */,
			);
			name = CoreDataScratchTests;
			productName = CoreDataScratchTests;
			productReference = D4FEDACD1C246BC60007B4D7 /* CoreDataScratchTests.xctest */;
			productType = "com.apple.product-type.bundle.unit-test";
		};
		D4FEDAD71C246BC60007B4D7 /* CoreDataScratchUITests */ = {
			isa = PBXNativeTarget;
			buildConfigurationList = D4FEDAE71C246BC60007B4D7 /* Build configuration list for PBXNativeTarget "CoreDataScratchUITests" */;
			buildPhases = (
				D4FEDAD41C246BC60007B4D7 /* Sources */,
				D4FEDAD51C246BC60007B4D7 /* Frameworks */,
				D4FEDAD61C246BC60007B4D7 /* Resources */,
			);
			buildRules = (
			);
			dependencies = (
				D4FEDADA1C246BC60007B4D7 /* PBXTargetDependency */,
			);
			name = CoreDataScratchUITests;
			productName = CoreDataScratchUITests;
			productReference = D4FEDAD81C246BC60007B4D7 /* CoreDataScratchUITests.xctest */;
			productType = "com.apple.product-type.bundle.ui-testing";
		};
/* End PBXNativeTarget section */

/* Begin PBXProject section */
		D4FEDAAE1C246BC60007B4D7 /* Project object */ = {
			isa = PBXProject;
			attributes = {
				LastSwiftUpdateCheck = 0720;
				LastUpgradeCheck = 0720;
				ORGANIZATIONNAME = "Be My Competence AB";
				TargetAttributes = {
					D4FEDAB51C246BC60007B4D7 = {
						CreatedOnToolsVersion = 7.2;
					};
					D4FEDACC1C246BC60007B4D7 = {
						CreatedOnToolsVersion = 7.2;
						TestTargetID = D4FEDAB51C246BC60007B4D7;
					};
					D4FEDAD71C246BC60007B4D7 = {
						CreatedOnToolsVersion = 7.2;
						TestTargetID = D4FEDAB51C246BC60007B4D7;
					};
				};
			};
			buildConfigurationList = D4FEDAB11C246BC60007B4D7 /* Build configuration list for PBXProject "CoreDataScratch" */;
			compatibilityVersion = "Xcode 3.2";
			developmentRegion = English;
			hasScannedForEncodings = 0;
			knownRegions = (
				en,
				Base,
			);
			mainGroup = D4FEDAAD1C246BC60007B4D7;
			productRefGroup = D4FEDAB71C246BC60007B4D7 /* Products */;
			projectDirPath = "";
			projectRoot = "";
			targets = (
				D4FEDAB51C246BC60007B4D7 /* CoreDataScratch */,
				D4FEDACC1C246BC60007B4D7 /* CoreDataScratchTests */,
				D4FEDAD71C246BC60007B4D7 /* CoreDataScratchUITests */,
			);
		};
/* End PBXProject section */

/* Begin PBXResourcesBuildPhase section */
		D4FEDAB41C246BC60007B4D7 /* Resources */ = {
			isa = PBXResourcesBuildPhase;
			buildActionMask = 2147483647;
			files = (
				D4FEDAC71C246BC60007B4D7 /* LaunchScreen.storyboard in Resources */,
				D4FEDAC41C246BC60007B4D7 /* Assets.xcassets in Resources */,
				D4FEDABF1C246BC60007B4D7 /* Main.storyboard in Resources */,
			);
			runOnlyForDeploymentPostprocessing = 0;
		};
		D4FEDACB1C246BC60007B4D7 /* Resources */ = {
			isa = PBXResourcesBuildPhase;
			buildActionMask = 2147483647;
			files = (
			);
			runOnlyForDeploymentPostprocessing = 0;
		};
		D4FEDAD61C246BC60007B4D7 /* Resources */ = {
			isa = PBXResourcesBuildPhase;
			buildActionMask = 2147483647;
			files = (
			);
			runOnlyForDeploymentPostprocessing = 0;
		};
/* End PBXResourcesBuildPhase section */

/* Begin PBXSourcesBuildPhase section */
		D4FEDAB21C246BC60007B4D7 /* Sources */ = {
			isa = PBXSourcesBuildPhase;
			buildActionMask = 2147483647;
			files = (
				D4FEDAC21C246BC60007B4D7 /* CoreDataScratch.xcdatamodeld in Sources */,
				D4FEDABC1C246BC60007B4D7 /* ViewController.swift in Sources */,
				D4FEDABA1C246BC60007B4D7 /* AppDelegate.swift in Sources */,
			);
			runOnlyForDeploymentPostprocessing = 0;
		};
		D4FEDAC91C246BC60007B4D7 /* Sources */ = {
			isa = PBXSourcesBuildPhase;
			buildActionMask = 2147483647;
			files = (
				D4FEDAD21C246BC60007B4D7 /* CoreDataScratchTests.swift in Sources */,
			);
			runOnlyForDeploymentPostprocessing = 0;
		};
		D4FEDAD41C246BC60007B4D7 /* Sources */ = {
			isa = PBXSourcesBuildPhase;
			buildActionMask = 2147483647;
			files = (
				D4FEDADD1C246BC60007B4D7 /* CoreDataScratchUITests.swift in Sources */,
			);
			runOnlyForDeploymentPostprocessing = 0;
		};
/* End PBXSourcesBuildPhase section */

/* Begin PBXTargetDependency section */
		D4FEDACF1C246BC60007B4D7 /* PBXTargetDependency */ = {
			isa = PBXTargetDependency;
			target = D4FEDAB51C246BC60007B4D7 /* CoreDataScratch */;
			targetProxy = D4FEDACE1C246BC60007B4D7 /* PBXContainerItemProxy */;
		};
		D4FEDADA1C246BC60007B4D7 /* PBXTargetDependency */ = {
			isa = PBXTargetDependency;
			target = D4FEDAB51C246BC60007B4D7 /* CoreDataScratch */;
			targetProxy = D4FEDAD91C246BC60007B4D7 /* PBXContainerItemProxy */;
		};
/* End PBXTargetDependency section */

/* Begin PBXVariantGroup section */
		D4FEDABD1C246BC60007B4D7 /* Main.storyboard */ = {
			isa = PBXVariantGroup;
			children = (
				D4FEDABE1C246BC60007B4D7 /* Base */,
			);
			name = Main.storyboard;
			sourceTree = "<group>";
		};
		D4FEDAC51C246BC60007B4D7 /* LaunchScreen.storyboard */ = {
			isa = PBXVariantGroup;
			children = (
				D4FEDAC61C246BC60007B4D7 /* Base */,
			);
			name = LaunchScreen.storyboard;
			sourceTree = "<group>";
		};
/* End PBXVariantGroup section */

/* Begin XCBuildConfiguration section */
		D4FEDADF1C246BC60007B4D7 /* Debug */ = {
			isa = XCBuildConfiguration;
			buildSettings = {
				ALWAYS_SEARCH_USER_PATHS = NO;
				CLANG_CXX_LANGUAGE_STANDARD = "gnu++0x";
				CLANG_CXX_LIBRARY = "libc++";
				CLANG_ENABLE_MODULES = YES;
				CLANG_ENABLE_OBJC_ARC = YES;
				CLANG_WARN_BOOL_CONVERSION = YES;
				CLANG_WARN_CONSTANT_CONVERSION = YES;
				CLANG_WARN_DIRECT_OBJC_ISA_USAGE = YES_ERROR;
				CLANG_WARN_EMPTY_BODY = YES;
				CLANG_WARN_ENUM_CONVERSION = YES;
				CLANG_WARN_INT_CONVERSION = YES;
				CLANG_WARN_OBJC_ROOT_CLASS = YES_ERROR;
				CLANG_WARN_UNREACHABLE_CODE = YES;
				CLANG_WARN__DUPLICATE_METHOD_MATCH = YES;
				"CODE_SIGN_IDENTITY[sdk=iphoneos*]" = "iPhone Developer";
				COPY_PHASE_STRIP = NO;
				DEBUG_INFORMATION_FORMAT = dwarf;
				ENABLE_STRICT_OBJC_MSGSEND = YES;
				ENABLE_TESTABILITY = YES;
				GCC_C_LANGUAGE_STANDARD = gnu99;
				GCC_DYNAMIC_NO_PIC = NO;
				GCC_NO_COMMON_BLOCKS = YES;
				GCC_OPTIMIZATION_LEVEL = 0;
				GCC_PREPROCESSOR_DEFINITIONS = (
					"DEBUG=1",
					"$(inherited)",
				);
				GCC_WARN_64_TO_32_BIT_CONVERSION = YES;
				GCC_WARN_ABOUT_RETURN_TYPE = YES_ERROR;
				GCC_WARN_UNDECLARED_SELECTOR = YES;
				GCC_WARN_UNINITIALIZED_AUTOS = YES_AGGRESSIVE;
				GCC_WARN_UNUSED_FUNCTION = YES;
				GCC_WARN_UNUSED_VARIABLE = YES;
				IPHONEOS_DEPLOYMENT_TARGET = 9.2;
				MTL_ENABLE_DEBUG_INFO = YES;
				ONLY_ACTIVE_ARCH = YES;
				SDKROOT = iphoneos;
				SWIFT_OPTIMIZATION_LEVEL = "-Onone";
				TARGETED_DEVICE_FAMILY = "1,2";
			};
			name = Debug;
		};
		D4FEDAE01C246BC60007B4D7 /* Release */ = {
			isa = XCBuildConfiguration;
			buildSettings = {
				ALWAYS_SEARCH_USER_PATHS = NO;
				CLANG_CXX_LANGUAGE_STANDARD = "gnu++0x";
				CLANG_CXX_LIBRARY = "libc++";
				CLANG_ENABLE_MODULES = YES;
				CLANG_ENABLE_OBJC_ARC = YES;
				CLANG_WARN_BOOL_CONVERSION = YES;
				CLANG_WARN_CONSTANT_CONVERSION = YES;
				CLANG_WARN_DIRECT_OBJC_ISA_USAGE = YES_ERROR;
				CLANG_WARN_EMPTY_BODY = YES;
				CLANG_WARN_ENUM_CONVERSION = YES;
				CLANG_WARN_INT_CONVERSION = YES;
				CLANG_WARN_OBJC_ROOT_CLASS = YES_ERROR;
				CLANG_WARN_UNREACHABLE_CODE = YES;
				CLANG_WARN__DUPLICATE_METHOD_MATCH = YES;
				"CODE_SIGN_IDENTITY[sdk=iphoneos*]" = "iPhone Developer";
				COPY_PHASE_STRIP = NO;
				DEBUG_INFORMATION_FORMAT = "dwarf-with-dsym";
				ENABLE_NS_ASSERTIONS = NO;
				ENABLE_STRICT_OBJC_MSGSEND = YES;
				GCC_C_LANGUAGE_STANDARD = gnu99;
				GCC_NO_COMMON_BLOCKS = YES;
				GCC_WARN_64_TO_32_BIT_CONVERSION = YES;
				GCC_WARN_ABOUT_RETURN_TYPE = YES_ERROR;
				GCC_WARN_UNDECLARED_SELECTOR = YES;
				GCC_WARN_UNINITIALIZED_AUTOS = YES_AGGRESSIVE;
				GCC_WARN_UNUSED_FUNCTION = YES;
				GCC_WARN_UNUSED_VARIABLE = YES;
				IPHONEOS_DEPLOYMENT_TARGET = 9.2;
				MTL_ENABLE_DEBUG_INFO = NO;
				SDKROOT = iphoneos;
				TARGETED_DEVICE_FAMILY = "1,2";
				VALIDATE_PRODUCT = YES;
			};
			name = Release;
		};
		D4FEDAE21C246BC60007B4D7 /* Debug */ = {
			isa = XCBuildConfiguration;
			buildSettings = {
				ASSETCATALOG_COMPILER_APPICON_NAME = AppIcon;
				INFOPLIST_FILE = CoreDataScratch/Info.plist;
				LD_RUNPATH_SEARCH_PATHS = "$(inherited) @executable_path/Frameworks";
				PRODUCT_BUNDLE_IDENTIFIER = BeMyCompetenceAB.CoreDataScratch;
				PRODUCT_NAME = "$(TARGET_NAME)";
			};
			name = Debug;
		};
		D4FEDAE31C246BC60007B4D7 /* Release */ = {
			isa = XCBuildConfiguration;
			buildSettings = {
				ASSETCATALOG_COMPILER_APPICON_NAME = AppIcon;
				INFOPLIST_FILE = CoreDataScratch/Info.plist;
				LD_RUNPATH_SEARCH_PATHS = "$(inherited) @executable_path/Frameworks";
				PRODUCT_BUNDLE_IDENTIFIER = BeMyCompetenceAB.CoreDataScratch;
				PRODUCT_NAME = "$(TARGET_NAME)";
			};
			name = Release;
		};
		D4FEDAE51C246BC60007B4D7 /* Debug */ = {
			isa = XCBuildConfiguration;
			buildSettings = {
				BUNDLE_LOADER = "$(TEST_HOST)";
				INFOPLIST_FILE = CoreDataScratchTests/Info.plist;
				LD_RUNPATH_SEARCH_PATHS = "$(inherited) @executable_path/Frameworks @loader_path/Frameworks";
				PRODUCT_BUNDLE_IDENTIFIER = BeMyCompetenceAB.CoreDataScratchTests;
				PRODUCT_NAME = "$(TARGET_NAME)";
				TEST_HOST = "$(BUILT_PRODUCTS_DIR)/CoreDataScratch.app/CoreDataScratch";
			};
			name = Debug;
		};
		D4FEDAE61C246BC60007B4D7 /* Release */ = {
			isa = XCBuildConfiguration;
			buildSettings = {
				BUNDLE_LOADER = "$(TEST_HOST)";
				INFOPLIST_FILE = CoreDataScratchTests/Info.plist;
				LD_RUNPATH_SEARCH_PATHS = "$(inherited) @executable_path/Frameworks @loader_path/Frameworks";
				PRODUCT_BUNDLE_IDENTIFIER = BeMyCompetenceAB.CoreDataScratchTests;
				PRODUCT_NAME = "$(TARGET_NAME)";
				TEST_HOST = "$(BUILT_PRODUCTS_DIR)/CoreDataScratch.app/CoreDataScratch";
			};
			name = Release;
		};
		D4FEDAE81C246BC60007B4D7 /* Debug */ = {
			isa = XCBuildConfiguration;
			buildSettings = {
				INFOPLIST_FILE = CoreDataScratchUITests/Info.plist;
				LD_RUNPATH_SEARCH_PATHS = "$(inherited) @executable_path/Frameworks @loader_path/Frameworks";
				PRODUCT_BUNDLE_IDENTIFIER = BeMyCompetenceAB.CoreDataScratchUITests;
				PRODUCT_NAME = "$(TARGET_NAME)";
				TEST_TARGET_NAME = CoreDataScratch;
				USES_XCTRUNNER = YES;
			};
			name = Debug;
		};
		D4FEDAE91C246BC60007B4D7 /* Release */ = {
			isa = XCBuildConfiguration;
			buildSettings = {
				INFOPLIST_FILE = CoreDataScratchUITests/Info.plist;
				LD_RUNPATH_SEARCH_PATHS = "$(inherited) @executable_path/Frameworks @loader_path/Frameworks";
				PRODUCT_BUNDLE_IDENTIFIER = BeMyCompetenceAB.CoreDataScratchUITests;
				PRODUCT_NAME = "$(TARGET_NAME)";
				TEST_TARGET_NAME = CoreDataScratch;
				USES_XCTRUNNER = YES;
			};
			name = Release;
		};
/* End XCBuildConfiguration section */

/* Begin XCConfigurationList section */
		D4FEDAB11C246BC60007B4D7 /* Build configuration list for PBXProject "CoreDataScratch" */ = {
			isa = XCConfigurationList;
			buildConfigurations = (
				D4FEDADF1C246BC60007B4D7 /* Debug */,
				D4FEDAE01C246BC60007B4D7 /* Release */,
			);
			defaultConfigurationIsVisible = 0;
			defaultConfigurationName = Release;
		};
		D4FEDAE11C246BC60007B4D7 /* Build configuration list for PBXNativeTarget "CoreDataScratch" */ = {
			isa = XCConfigurationList;
			buildConfigurations = (
				D4FEDAE21C246BC60007B4D7 /* Debug */,
				D4FEDAE31C246BC60007B4D7 /* Release */,
			);
			defaultConfigurationIsVisible = 0;
		};
		D4FEDAE41C246BC60007B4D7 /* Build configuration list for PBXNativeTarget "CoreDataScratchTests" */ = {
			isa = XCConfigurationList;
			buildConfigurations = (
				D4FEDAE51C246BC60007B4D7 /* Debug */,
				D4FEDAE61C246BC60007B4D7 /* Release */,
			);
			defaultConfigurationIsVisible = 0;
		};
		D4FEDAE71C246BC60007B4D7 /* Build configuration list for PBXNativeTarget "CoreDataScratchUITests" */ = {
			isa = XCConfigurationList;
			buildConfigurations = (
				D4FEDAE81C246BC60007B4D7 /* Debug */,
				D4FEDAE91C246BC60007B4D7 /* Release */,
			);
			defaultConfigurationIsVisible = 0;
		};
/* End XCConfigurationList section */

/* Begin XCVersionGroup section */
		D4FEDAC01C246BC60007B4D7 /* CoreDataScratch.xcdatamodeld */ = {
			isa = XCVersionGroup;
			children = (
				D4FEDAC11C246BC60007B4D7 /* CoreDataScratch.xcdatamodel */,
			);
			currentVersion = D4FEDAC11C246BC60007B4D7 /* CoreDataScratch.xcdatamodel */;
			path = CoreDataScratch.xcdatamodeld;
			sourceTree = "<group>";
			versionGroupType = wrapper.xcdatamodel;
		};
/* End XCVersionGroup section */
	};
	rootObject = D4FEDAAE1C246BC60007B4D7 /* Project object */;
}
