// !$*UTF8*$!
{
	archiveVersion = 1;
	classes = {
	};
	objectVersion = 46;
	objects = {

/* Begin PBXBuildFile section */
		D40558E81C67ACFB00A64D60 /* temp.xml in Resources */ = {isa = PBXBuildFile; fileRef = D40558E71C67ACFB00A64D60 /* temp.xml */; };
		D440F0861C61BD8A00F22BB6 /* Temp.swift in Sources */ = {isa = PBXBuildFile; fileRef = D440F0851C61BD8A00F22BB6 /* Temp.swift */; };
		D440F0881C61BDCD00F22BB6 /* TableViewController.swift in Sources */ = {isa = PBXBuildFile; fileRef = D440F0871C61BDCD00F22BB6 /* TableViewController.swift */; };
		D440F0891C61BDCD00F22BB6 /* TableViewController.swift in Sources */ = {isa = PBXBuildFile; fileRef = D440F0871C61BDCD00F22BB6 /* TableViewController.swift */; };
		D440F08A1C61BDCD00F22BB6 /* TableViewController.swift in Sources */ = {isa = PBXBuildFile; fileRef = D440F0871C61BDCD00F22BB6 /* TableViewController.swift */; };
		D45FB2631C57E11C001CC1A2 /* AAAProductsWithIngredientsMO+CoreDataProperties.swift in Sources */ = {isa = PBXBuildFile; fileRef = D45FB2611C57E11C001CC1A2 /* AAAProductsWithIngredientsMO+CoreDataProperties.swift */; };
		D45FB2641C57E11C001CC1A2 /* AAAProductsWithIngredientsMO.swift in Sources */ = {isa = PBXBuildFile; fileRef = D45FB2621C57E11C001CC1A2 /* AAAProductsWithIngredientsMO.swift */; };
		D45FB2661C581DDF001CC1A2 /* IngredientBundles.swift in Sources */ = {isa = PBXBuildFile; fileRef = D45FB2651C581DDF001CC1A2 /* IngredientBundles.swift */; };
		D45FB2671C581DDF001CC1A2 /* IngredientBundles.swift in Sources */ = {isa = PBXBuildFile; fileRef = D45FB2651C581DDF001CC1A2 /* IngredientBundles.swift */; };
		D45FB2681C581DDF001CC1A2 /* IngredientBundles.swift in Sources */ = {isa = PBXBuildFile; fileRef = D45FB2651C581DDF001CC1A2 /* IngredientBundles.swift */; };
		D45FB26B1C5A0EF6001CC1A2 /* CoreDataScratch.xcdatamodeld in Sources */ = {isa = PBXBuildFile; fileRef = D45FB2691C5A0EF6001CC1A2 /* CoreDataScratch.xcdatamodeld */; };
		D45FB26E1C5A1055001CC1A2 /* AAAUsersMO+CoreDataProperties.swift in Sources */ = {isa = PBXBuildFile; fileRef = D45FB26C1C5A1055001CC1A2 /* AAAUsersMO+CoreDataProperties.swift */; };
		D45FB26F1C5A1055001CC1A2 /* AAAUsersMO+CoreDataProperties.swift in Sources */ = {isa = PBXBuildFile; fileRef = D45FB26C1C5A1055001CC1A2 /* AAAUsersMO+CoreDataProperties.swift */; };
		D45FB2701C5A1055001CC1A2 /* AAAUsersMO+CoreDataProperties.swift in Sources */ = {isa = PBXBuildFile; fileRef = D45FB26C1C5A1055001CC1A2 /* AAAUsersMO+CoreDataProperties.swift */; };
		D45FB2711C5A1055001CC1A2 /* AAAUsersMO.swift in Sources */ = {isa = PBXBuildFile; fileRef = D45FB26D1C5A1055001CC1A2 /* AAAUsersMO.swift */; };
		D45FB2721C5A1055001CC1A2 /* AAAUsersMO.swift in Sources */ = {isa = PBXBuildFile; fileRef = D45FB26D1C5A1055001CC1A2 /* AAAUsersMO.swift */; };
		D45FB2731C5A1055001CC1A2 /* AAAUsersMO.swift in Sources */ = {isa = PBXBuildFile; fileRef = D45FB26D1C5A1055001CC1A2 /* AAAUsersMO.swift */; };
		D45FB2761C5A10BC001CC1A2 /* AAASettingsMO+CoreDataProperties.swift in Sources */ = {isa = PBXBuildFile; fileRef = D45FB2741C5A10BC001CC1A2 /* AAASettingsMO+CoreDataProperties.swift */; };
		D45FB2771C5A10BC001CC1A2 /* AAASettingsMO+CoreDataProperties.swift in Sources */ = {isa = PBXBuildFile; fileRef = D45FB2741C5A10BC001CC1A2 /* AAASettingsMO+CoreDataProperties.swift */; };
		D45FB2781C5A10BC001CC1A2 /* AAASettingsMO+CoreDataProperties.swift in Sources */ = {isa = PBXBuildFile; fileRef = D45FB2741C5A10BC001CC1A2 /* AAASettingsMO+CoreDataProperties.swift */; };
		D45FB2791C5A10BC001CC1A2 /* AAASettingsMO.swift in Sources */ = {isa = PBXBuildFile; fileRef = D45FB2751C5A10BC001CC1A2 /* AAASettingsMO.swift */; };
		D45FB27A1C5A10BC001CC1A2 /* AAASettingsMO.swift in Sources */ = {isa = PBXBuildFile; fileRef = D45FB2751C5A10BC001CC1A2 /* AAASettingsMO.swift */; };
		D45FB27B1C5A10BC001CC1A2 /* AAASettingsMO.swift in Sources */ = {isa = PBXBuildFile; fileRef = D45FB2751C5A10BC001CC1A2 /* AAASettingsMO.swift */; };
		D45FB2821C5A11B0001CC1A2 /* UserRoles+CoreDataProperties.swift in Sources */ = {isa = PBXBuildFile; fileRef = D45FB27C1C5A11B0001CC1A2 /* UserRoles+CoreDataProperties.swift */; };
		D45FB2831C5A11B0001CC1A2 /* UserRoles+CoreDataProperties.swift in Sources */ = {isa = PBXBuildFile; fileRef = D45FB27C1C5A11B0001CC1A2 /* UserRoles+CoreDataProperties.swift */; };
		D45FB2841C5A11B0001CC1A2 /* UserRoles+CoreDataProperties.swift in Sources */ = {isa = PBXBuildFile; fileRef = D45FB27C1C5A11B0001CC1A2 /* UserRoles+CoreDataProperties.swift */; };
		D45FB2851C5A11B0001CC1A2 /* UserRoles.swift in Sources */ = {isa = PBXBuildFile; fileRef = D45FB27D1C5A11B0001CC1A2 /* UserRoles.swift */; };
		D45FB2861C5A11B0001CC1A2 /* UserRoles.swift in Sources */ = {isa = PBXBuildFile; fileRef = D45FB27D1C5A11B0001CC1A2 /* UserRoles.swift */; };
		D45FB2871C5A11B0001CC1A2 /* UserRoles.swift in Sources */ = {isa = PBXBuildFile; fileRef = D45FB27D1C5A11B0001CC1A2 /* UserRoles.swift */; };
		D45FB2881C5A11B0001CC1A2 /* Roles+CoreDataProperties.swift in Sources */ = {isa = PBXBuildFile; fileRef = D45FB27E1C5A11B0001CC1A2 /* Roles+CoreDataProperties.swift */; };
		D45FB2891C5A11B0001CC1A2 /* Roles+CoreDataProperties.swift in Sources */ = {isa = PBXBuildFile; fileRef = D45FB27E1C5A11B0001CC1A2 /* Roles+CoreDataProperties.swift */; };
		D45FB28A1C5A11B0001CC1A2 /* Roles+CoreDataProperties.swift in Sources */ = {isa = PBXBuildFile; fileRef = D45FB27E1C5A11B0001CC1A2 /* Roles+CoreDataProperties.swift */; };
		D45FB28B1C5A11B0001CC1A2 /* Roles.swift in Sources */ = {isa = PBXBuildFile; fileRef = D45FB27F1C5A11B0001CC1A2 /* Roles.swift */; };
		D45FB28C1C5A11B0001CC1A2 /* Roles.swift in Sources */ = {isa = PBXBuildFile; fileRef = D45FB27F1C5A11B0001CC1A2 /* Roles.swift */; };
		D45FB28D1C5A11B0001CC1A2 /* Roles.swift in Sources */ = {isa = PBXBuildFile; fileRef = D45FB27F1C5A11B0001CC1A2 /* Roles.swift */; };
		D45FB28E1C5A11B0001CC1A2 /* Permissions+CoreDataProperties.swift in Sources */ = {isa = PBXBuildFile; fileRef = D45FB2801C5A11B0001CC1A2 /* Permissions+CoreDataProperties.swift */; };
		D45FB28F1C5A11B0001CC1A2 /* Permissions+CoreDataProperties.swift in Sources */ = {isa = PBXBuildFile; fileRef = D45FB2801C5A11B0001CC1A2 /* Permissions+CoreDataProperties.swift */; };
		D45FB2901C5A11B0001CC1A2 /* Permissions+CoreDataProperties.swift in Sources */ = {isa = PBXBuildFile; fileRef = D45FB2801C5A11B0001CC1A2 /* Permissions+CoreDataProperties.swift */; };
		D45FB2911C5A11B0001CC1A2 /* Permissions.swift in Sources */ = {isa = PBXBuildFile; fileRef = D45FB2811C5A11B0001CC1A2 /* Permissions.swift */; };
		D45FB2921C5A11B0001CC1A2 /* Permissions.swift in Sources */ = {isa = PBXBuildFile; fileRef = D45FB2811C5A11B0001CC1A2 /* Permissions.swift */; };
		D45FB2931C5A11B0001CC1A2 /* Permissions.swift in Sources */ = {isa = PBXBuildFile; fileRef = D45FB2811C5A11B0001CC1A2 /* Permissions.swift */; };
		D45FB2961C5A12E0001CC1A2 /* AAADB_LogMO+CoreDataProperties.swift in Sources */ = {isa = PBXBuildFile; fileRef = D45FB2941C5A12E0001CC1A2 /* AAADB_LogMO+CoreDataProperties.swift */; };
		D45FB2971C5A12E0001CC1A2 /* AAADB_LogMO+CoreDataProperties.swift in Sources */ = {isa = PBXBuildFile; fileRef = D45FB2941C5A12E0001CC1A2 /* AAADB_LogMO+CoreDataProperties.swift */; };
		D45FB2981C5A12E0001CC1A2 /* AAADB_LogMO+CoreDataProperties.swift in Sources */ = {isa = PBXBuildFile; fileRef = D45FB2941C5A12E0001CC1A2 /* AAADB_LogMO+CoreDataProperties.swift */; };
		D45FB2991C5A12E0001CC1A2 /* AAADB_LogMO.swift in Sources */ = {isa = PBXBuildFile; fileRef = D45FB2951C5A12E0001CC1A2 /* AAADB_LogMO.swift */; };
		D45FB29A1C5A12E0001CC1A2 /* AAADB_LogMO.swift in Sources */ = {isa = PBXBuildFile; fileRef = D45FB2951C5A12E0001CC1A2 /* AAADB_LogMO.swift */; };
		D45FB29B1C5A12E0001CC1A2 /* AAADB_LogMO.swift in Sources */ = {isa = PBXBuildFile; fileRef = D45FB2951C5A12E0001CC1A2 /* AAADB_LogMO.swift */; };
		D467D2DD1C346AF60061E7EF /* AAAMasterProductsMO+CoreDataProperties.swift in Sources */ = {isa = PBXBuildFile; fileRef = D467D2D51C346AF60061E7EF /* AAAMasterProductsMO+CoreDataProperties.swift */; };
		D467D2DE1C346AF60061E7EF /* AAAMasterProductsMO+CoreDataProperties.swift in Sources */ = {isa = PBXBuildFile; fileRef = D467D2D51C346AF60061E7EF /* AAAMasterProductsMO+CoreDataProperties.swift */; };
		D467D2DF1C346AF60061E7EF /* AAAMasterProductsMO+CoreDataProperties.swift in Sources */ = {isa = PBXBuildFile; fileRef = D467D2D51C346AF60061E7EF /* AAAMasterProductsMO+CoreDataProperties.swift */; };
		D467D2E01C346AF60061E7EF /* AAAMasterProductsMO.swift in Sources */ = {isa = PBXBuildFile; fileRef = D467D2D61C346AF60061E7EF /* AAAMasterProductsMO.swift */; };
		D467D2E11C346AF60061E7EF /* AAAMasterProductsMO.swift in Sources */ = {isa = PBXBuildFile; fileRef = D467D2D61C346AF60061E7EF /* AAAMasterProductsMO.swift */; };
		D467D2E21C346AF60061E7EF /* AAAMasterProductsMO.swift in Sources */ = {isa = PBXBuildFile; fileRef = D467D2D61C346AF60061E7EF /* AAAMasterProductsMO.swift */; };
		D467D2E81C34779C0061E7EF /* AVFoundation.framework in Frameworks */ = {isa = PBXBuildFile; fileRef = D467D2E71C34779C0061E7EF /* AVFoundation.framework */; };
		D467D2EA1C34780E0061E7EF /* BarcodeViewController.swift in Sources */ = {isa = PBXBuildFile; fileRef = D467D2E91C34780E0061E7EF /* BarcodeViewController.swift */; };
		D467D2EB1C34780E0061E7EF /* BarcodeViewController.swift in Sources */ = {isa = PBXBuildFile; fileRef = D467D2E91C34780E0061E7EF /* BarcodeViewController.swift */; };
		D467D2EC1C34780E0061E7EF /* BarcodeViewController.swift in Sources */ = {isa = PBXBuildFile; fileRef = D467D2E91C34780E0061E7EF /* BarcodeViewController.swift */; };
		D481E2461C56A8D2004B8615 /* IngredientsTableViewCell.swift in Sources */ = {isa = PBXBuildFile; fileRef = D481E2451C56A8D2004B8615 /* IngredientsTableViewCell.swift */; };
		D48E95D41C6B1DA800BB7C73 /* Ingredients+CoreDataProperties.swift in Sources */ = {isa = PBXBuildFile; fileRef = D48E95D31C6B1DA800BB7C73 /* Ingredients+CoreDataProperties.swift */; };
		D48E95D51C6B1DA800BB7C73 /* Ingredients+CoreDataProperties.swift in Sources */ = {isa = PBXBuildFile; fileRef = D48E95D31C6B1DA800BB7C73 /* Ingredients+CoreDataProperties.swift */; };
		D48E95D61C6B1DA800BB7C73 /* Ingredients+CoreDataProperties.swift in Sources */ = {isa = PBXBuildFile; fileRef = D48E95D31C6B1DA800BB7C73 /* Ingredients+CoreDataProperties.swift */; };
		D4BD07EE1C63C046007DF24E /* DataControllerCentral.swift in Sources */ = {isa = PBXBuildFile; fileRef = D4BD07ED1C63C046007DF24E /* DataControllerCentral.swift */; };
		D4BD07EF1C63C046007DF24E /* DataControllerCentral.swift in Sources */ = {isa = PBXBuildFile; fileRef = D4BD07ED1C63C046007DF24E /* DataControllerCentral.swift */; };
		D4BD07F01C63C046007DF24E /* DataControllerCentral.swift in Sources */ = {isa = PBXBuildFile; fileRef = D4BD07ED1C63C046007DF24E /* DataControllerCentral.swift */; };
		D4BE2DAB1C5B200F0018A88F /* Akharat Launch Screen.jpg in Resources */ = {isa = PBXBuildFile; fileRef = D4BE2DAA1C5B200E0018A88F /* Akharat Launch Screen.jpg */; };
		D4C089251C5FBB35003E2D22 /* IngredientsViewController.swift in Sources */ = {isa = PBXBuildFile; fileRef = D4C089241C5FBB35003E2D22 /* IngredientsViewController.swift */; };
		D4C089261C5FBB35003E2D22 /* IngredientsViewController.swift in Sources */ = {isa = PBXBuildFile; fileRef = D4C089241C5FBB35003E2D22 /* IngredientsViewController.swift */; };
		D4C089271C5FBB35003E2D22 /* IngredientsViewController.swift in Sources */ = {isa = PBXBuildFile; fileRef = D4C089241C5FBB35003E2D22 /* IngredientsViewController.swift */; };
		D4C089291C608D5D003E2D22 /* IngredientsTableViewController.swift in Sources */ = {isa = PBXBuildFile; fileRef = D4C089281C608D5D003E2D22 /* IngredientsTableViewController.swift */; };
		D4C0892A1C608D5D003E2D22 /* IngredientsTableViewController.swift in Sources */ = {isa = PBXBuildFile; fileRef = D4C089281C608D5D003E2D22 /* IngredientsTableViewController.swift */; };
		D4C0892B1C608D5D003E2D22 /* IngredientsTableViewController.swift in Sources */ = {isa = PBXBuildFile; fileRef = D4C089281C608D5D003E2D22 /* IngredientsTableViewController.swift */; };
		D4E550C21C2BFFB400199198 /* Ingredients.swift in Sources */ = {isa = PBXBuildFile; fileRef = D4E550C01C2BFFB400199198 /* Ingredients.swift */; };
		D4E55BED1C50CBAE00B9468C /* AddProductManuallyController.swift in Sources */ = {isa = PBXBuildFile; fileRef = D4E55BEC1C50CBAE00B9468C /* AddProductManuallyController.swift */; };
		D4E55BEE1C50CBAE00B9468C /* AddProductManuallyController.swift in Sources */ = {isa = PBXBuildFile; fileRef = D4E55BEC1C50CBAE00B9468C /* AddProductManuallyController.swift */; };
		D4E55BEF1C50CBAE00B9468C /* AddProductManuallyController.swift in Sources */ = {isa = PBXBuildFile; fileRef = D4E55BEC1C50CBAE00B9468C /* AddProductManuallyController.swift */; };
		D4FEDABA1C246BC60007B4D7 /* AppDelegate.swift in Sources */ = {isa = PBXBuildFile; fileRef = D4FEDAB91C246BC60007B4D7 /* AppDelegate.swift */; };
		D4FEDABC1C246BC60007B4D7 /* ViewController.swift in Sources */ = {isa = PBXBuildFile; fileRef = D4FEDABB1C246BC60007B4D7 /* ViewController.swift */; };
		D4FEDABF1C246BC60007B4D7 /* Main.storyboard in Resources */ = {isa = PBXBuildFile; fileRef = D4FEDABD1C246BC60007B4D7 /* Main.storyboard */; };
		D4FEDAC41C246BC60007B4D7 /* Assets.xcassets in Resources */ = {isa = PBXBuildFile; fileRef = D4FEDAC31C246BC60007B4D7 /* Assets.xcassets */; };
		D4FEDAC71C246BC60007B4D7 /* LaunchScreen.storyboard in Resources */ = {isa = PBXBuildFile; fileRef = D4FEDAC51C246BC60007B4D7 /* LaunchScreen.storyboard */; };
		D4FEDAD21C246BC60007B4D7 /* CoreDataScratchTests.swift in Sources */ = {isa = PBXBuildFile; fileRef = D4FEDAD11C246BC60007B4D7 /* CoreDataScratchTests.swift */; };
		D4FEDADD1C246BC60007B4D7 /* CoreDataScratchUITests.swift in Sources */ = {isa = PBXBuildFile; fileRef = D4FEDADC1C246BC60007B4D7 /* CoreDataScratchUITests.swift */; };
		D4FEDAEB1C246F320007B4D7 /* DataController.swift in Sources */ = {isa = PBXBuildFile; fileRef = D4FEDAEA1C246F320007B4D7 /* DataController.swift */; };
		D4FEDAEC1C246F320007B4D7 /* DataController.swift in Sources */ = {isa = PBXBuildFile; fileRef = D4FEDAEA1C246F320007B4D7 /* DataController.swift */; };
		D4FEDAED1C246F320007B4D7 /* DataController.swift in Sources */ = {isa = PBXBuildFile; fileRef = D4FEDAEA1C246F320007B4D7 /* DataController.swift */; };
/* End PBXBuildFile section */

/* Begin PBXContainerItemProxy section */
		D4FEDACE1C246BC60007B4D7 /* PBXContainerItemProxy */ = {
			isa = PBXContainerItemProxy;
			containerPortal = D4FEDAAE1C246BC60007B4D7 /* Project object */;
			proxyType = 1;
			remoteGlobalIDString = D4FEDAB51C246BC60007B4D7;
			remoteInfo = CoreDataScratch;
		};
		D4FEDAD91C246BC60007B4D7 /* PBXContainerItemProxy */ = {
			isa = PBXContainerItemProxy;
			containerPortal = D4FEDAAE1C246BC60007B4D7 /* Project object */;
			proxyType = 1;
			remoteGlobalIDString = D4FEDAB51C246BC60007B4D7;
			remoteInfo = CoreDataScratch;
		};
/* End PBXContainerItemProxy section */

/* Begin PBXFileReference section */
		D40558E71C67ACFB00A64D60 /* temp.xml */ = {isa = PBXFileReference; fileEncoding = 4; lastKnownFileType = text.xml; path = temp.xml; sourceTree = "<group>"; };
		D440F0851C61BD8A00F22BB6 /* Temp.swift */ = {isa = PBXFileReference; fileEncoding = 4; lastKnownFileType = sourcecode.swift; path = Temp.swift; sourceTree = "<group>"; };
		D440F0871C61BDCD00F22BB6 /* TableViewController.swift */ = {isa = PBXFileReference; fileEncoding = 4; lastKnownFileType = sourcecode.swift; path = TableViewController.swift; sourceTree = "<group>"; };
		D45FB2611C57E11C001CC1A2 /* AAAProductsWithIngredientsMO+CoreDataProperties.swift */ = {isa = PBXFileReference; fileEncoding = 4; lastKnownFileType = sourcecode.swift; path = "AAAProductsWithIngredientsMO+CoreDataProperties.swift"; sourceTree = "<group>"; };
		D45FB2621C57E11C001CC1A2 /* AAAProductsWithIngredientsMO.swift */ = {isa = PBXFileReference; fileEncoding = 4; lastKnownFileType = sourcecode.swift; path = AAAProductsWithIngredientsMO.swift; sourceTree = "<group>"; };
		D45FB2651C581DDF001CC1A2 /* IngredientBundles.swift */ = {isa = PBXFileReference; fileEncoding = 4; lastKnownFileType = sourcecode.swift; path = IngredientBundles.swift; sourceTree = "<group>"; };
		D45FB26A1C5A0EF6001CC1A2 /* CoreDataScratch.xcdatamodel */ = {isa = PBXFileReference; lastKnownFileType = wrapper.xcdatamodel; path = CoreDataScratch.xcdatamodel; sourceTree = "<group>"; };
		D45FB26C1C5A1055001CC1A2 /* AAAUsersMO+CoreDataProperties.swift */ = {isa = PBXFileReference; fileEncoding = 4; lastKnownFileType = sourcecode.swift; path = "AAAUsersMO+CoreDataProperties.swift"; sourceTree = "<group>"; };
		D45FB26D1C5A1055001CC1A2 /* AAAUsersMO.swift */ = {isa = PBXFileReference; fileEncoding = 4; lastKnownFileType = sourcecode.swift; path = AAAUsersMO.swift; sourceTree = "<group>"; };
		D45FB2741C5A10BC001CC1A2 /* AAASettingsMO+CoreDataProperties.swift */ = {isa = PBXFileReference; fileEncoding = 4; lastKnownFileType = sourcecode.swift; path = "AAASettingsMO+CoreDataProperties.swift"; sourceTree = "<group>"; };
		D45FB2751C5A10BC001CC1A2 /* AAASettingsMO.swift */ = {isa = PBXFileReference; fileEncoding = 4; lastKnownFileType = sourcecode.swift; path = AAASettingsMO.swift; sourceTree = "<group>"; };
		D45FB27C1C5A11B0001CC1A2 /* UserRoles+CoreDataProperties.swift */ = {isa = PBXFileReference; fileEncoding = 4; lastKnownFileType = sourcecode.swift; path = "UserRoles+CoreDataProperties.swift"; sourceTree = "<group>"; };
		D45FB27D1C5A11B0001CC1A2 /* UserRoles.swift */ = {isa = PBXFileReference; fileEncoding = 4; lastKnownFileType = sourcecode.swift; path = UserRoles.swift; sourceTree = "<group>"; };
		D45FB27E1C5A11B0001CC1A2 /* Roles+CoreDataProperties.swift */ = {isa = PBXFileReference; fileEncoding = 4; lastKnownFileType = sourcecode.swift; path = "Roles+CoreDataProperties.swift"; sourceTree = "<group>"; };
		D45FB27F1C5A11B0001CC1A2 /* Roles.swift */ = {isa = PBXFileReference; fileEncoding = 4; lastKnownFileType = sourcecode.swift; path = Roles.swift; sourceTree = "<group>"; };
		D45FB2801C5A11B0001CC1A2 /* Permissions+CoreDataProperties.swift */ = {isa = PBXFileReference; fileEncoding = 4; lastKnownFileType = sourcecode.swift; path = "Permissions+CoreDataProperties.swift"; sourceTree = "<group>"; };
		D45FB2811C5A11B0001CC1A2 /* Permissions.swift */ = {isa = PBXFileReference; fileEncoding = 4; lastKnownFileType = sourcecode.swift; path = Permissions.swift; sourceTree = "<group>"; };
		D45FB2941C5A12E0001CC1A2 /* AAADB_LogMO+CoreDataProperties.swift */ = {isa = PBXFileReference; fileEncoding = 4; lastKnownFileType = sourcecode.swift; path = "AAADB_LogMO+CoreDataProperties.swift"; sourceTree = "<group>"; };
		D45FB2951C5A12E0001CC1A2 /* AAADB_LogMO.swift */ = {isa = PBXFileReference; fileEncoding = 4; lastKnownFileType = sourcecode.swift; path = AAADB_LogMO.swift; sourceTree = "<group>"; };
		D467D2D51C346AF60061E7EF /* AAAMasterProductsMO+CoreDataProperties.swift */ = {isa = PBXFileReference; fileEncoding = 4; lastKnownFileType = sourcecode.swift; path = "AAAMasterProductsMO+CoreDataProperties.swift"; sourceTree = "<group>"; };
		D467D2D61C346AF60061E7EF /* AAAMasterProductsMO.swift */ = {isa = PBXFileReference; fileEncoding = 4; lastKnownFileType = sourcecode.swift; path = AAAMasterProductsMO.swift; sourceTree = "<group>"; };
		D467D2E71C34779C0061E7EF /* AVFoundation.framework */ = {isa = PBXFileReference; lastKnownFileType = wrapper.framework; name = AVFoundation.framework; path = System/Library/Frameworks/AVFoundation.framework; sourceTree = SDKROOT; };
		D467D2E91C34780E0061E7EF /* BarcodeViewController.swift */ = {isa = PBXFileReference; fileEncoding = 4; lastKnownFileType = sourcecode.swift; path = BarcodeViewController.swift; sourceTree = "<group>"; };
		D481E2451C56A8D2004B8615 /* IngredientsTableViewCell.swift */ = {isa = PBXFileReference; fileEncoding = 4; lastKnownFileType = sourcecode.swift; path = IngredientsTableViewCell.swift; sourceTree = "<group>"; };
		D48E95D31C6B1DA800BB7C73 /* Ingredients+CoreDataProperties.swift */ = {isa = PBXFileReference; fileEncoding = 4; lastKnownFileType = sourcecode.swift; path = "Ingredients+CoreDataProperties.swift"; sourceTree = "<group>"; };
		D4BD07ED1C63C046007DF24E /* DataControllerCentral.swift */ = {isa = PBXFileReference; fileEncoding = 4; lastKnownFileType = sourcecode.swift; path = DataControllerCentral.swift; sourceTree = "<group>"; };
		D4BE2DAA1C5B200E0018A88F /* Akharat Launch Screen.jpg */ = {isa = PBXFileReference; lastKnownFileType = image.jpeg; path = "Akharat Launch Screen.jpg"; sourceTree = "<group>"; };
		D4C089241C5FBB35003E2D22 /* IngredientsViewController.swift */ = {isa = PBXFileReference; fileEncoding = 4; lastKnownFileType = sourcecode.swift; path = IngredientsViewController.swift; sourceTree = "<group>"; };
		D4C089281C608D5D003E2D22 /* IngredientsTableViewController.swift */ = {isa = PBXFileReference; fileEncoding = 4; lastKnownFileType = sourcecode.swift; path = IngredientsTableViewController.swift; sourceTree = "<group>"; };
		D4E550C01C2BFFB400199198 /* Ingredients.swift */ = {isa = PBXFileReference; fileEncoding = 4; lastKnownFileType = sourcecode.swift; path = Ingredients.swift; sourceTree = "<group>"; };
		D4E55BEC1C50CBAE00B9468C /* AddProductManuallyController.swift */ = {isa = PBXFileReference; fileEncoding = 4; lastKnownFileType = sourcecode.swift; path = AddProductManuallyController.swift; sourceTree = "<group>"; };
		D4FEDAB61C246BC60007B4D7 /* CoreDataScratch.app */ = {isa = PBXFileReference; explicitFileType = wrapper.application; includeInIndex = 0; path = CoreDataScratch.app; sourceTree = BUILT_PRODUCTS_DIR; };
		D4FEDAB91C246BC60007B4D7 /* AppDelegate.swift */ = {isa = PBXFileReference; lastKnownFileType = sourcecode.swift; path = AppDelegate.swift; sourceTree = "<group>"; };
		D4FEDABB1C246BC60007B4D7 /* ViewController.swift */ = {isa = PBXFileReference; lastKnownFileType = sourcecode.swift; path = ViewController.swift; sourceTree = "<group>"; };
		D4FEDABE1C246BC60007B4D7 /* Base */ = {isa = PBXFileReference; lastKnownFileType = file.storyboard; name = Base; path = Base.lproj/Main.storyboard; sourceTree = "<group>"; };
		D4FEDAC31C246BC60007B4D7 /* Assets.xcassets */ = {isa = PBXFileReference; lastKnownFileType = folder.assetcatalog; path = Assets.xcassets; sourceTree = "<group>"; };
		D4FEDAC61C246BC60007B4D7 /* Base */ = {isa = PBXFileReference; lastKnownFileType = file.storyboard; name = Base; path = Base.lproj/LaunchScreen.storyboard; sourceTree = "<group>"; };
		D4FEDAC81C246BC60007B4D7 /* Info.plist */ = {isa = PBXFileReference; lastKnownFileType = text.plist.xml; path = Info.plist; sourceTree = "<group>"; };
		D4FEDACD1C246BC60007B4D7 /* CoreDataScratchTests.xctest */ = {isa = PBXFileReference; explicitFileType = wrapper.cfbundle; includeInIndex = 0; path = CoreDataScratchTests.xctest; sourceTree = BUILT_PRODUCTS_DIR; };
		D4FEDAD11C246BC60007B4D7 /* CoreDataScratchTests.swift */ = {isa = PBXFileReference; lastKnownFileType = sourcecode.swift; path = CoreDataScratchTests.swift; sourceTree = "<group>"; };
		D4FEDAD31C246BC60007B4D7 /* Info.plist */ = {isa = PBXFileReference; lastKnownFileType = text.plist.xml; path = Info.plist; sourceTree = "<group>"; };
		D4FEDAD81C246BC60007B4D7 /* CoreDataScratchUITests.xctest */ = {isa = PBXFileReference; explicitFileType = wrapper.cfbundle; includeInIndex = 0; path = CoreDataScratchUITests.xctest; sourceTree = BUILT_PRODUCTS_DIR; };
		D4FEDADC1C246BC60007B4D7 /* CoreDataScratchUITests.swift */ = {isa = PBXFileReference; lastKnownFileType = sourcecode.swift; path = CoreDataScratchUITests.swift; sourceTree = "<group>"; };
		D4FEDADE1C246BC60007B4D7 /* Info.plist */ = {isa = PBXFileReference; lastKnownFileType = text.plist.xml; path = Info.plist; sourceTree = "<group>"; };
		D4FEDAEA1C246F320007B4D7 /* DataController.swift */ = {isa = PBXFileReference; fileEncoding = 4; lastKnownFileType = sourcecode.swift; path = DataController.swift; sourceTree = "<group>"; };
/* End PBXFileReference section */

/* Begin PBXFrameworksBuildPhase section */
		D4FEDAB31C246BC60007B4D7 /* Frameworks */ = {
			isa = PBXFrameworksBuildPhase;
			buildActionMask = 2147483647;
			files = (
				D467D2E81C34779C0061E7EF /* AVFoundation.framework in Frameworks */,
			);
			runOnlyForDeploymentPostprocessing = 0;
		};
		D4FEDACA1C246BC60007B4D7 /* Frameworks */ = {
			isa = PBXFrameworksBuildPhase;
			buildActionMask = 2147483647;
			files = (
			);
			runOnlyForDeploymentPostprocessing = 0;
		};
		D4FEDAD51C246BC60007B4D7 /* Frameworks */ = {
			isa = PBXFrameworksBuildPhase;
			buildActionMask = 2147483647;
			files = (
			);
			runOnlyForDeploymentPostprocessing = 0;
		};
/* End PBXFrameworksBuildPhase section */

/* Begin PBXGroup section */
		D4FEDAAD1C246BC60007B4D7 = {
			isa = PBXGroup;
			children = (
				D467D2E71C34779C0061E7EF /* AVFoundation.framework */,
				D4FEDAB81C246BC60007B4D7 /* CoreDataScratch */,
				D4FEDAD01C246BC60007B4D7 /* CoreDataScratchTests */,
				D4FEDADB1C246BC60007B4D7 /* CoreDataScratchUITests */,
				D4FEDAB71C246BC60007B4D7 /* Products */,
			);
			sourceTree = "<group>";
		};
		D4FEDAB71C246BC60007B4D7 /* Products */ = {
			isa = PBXGroup;
			children = (
				D4FEDAB61C246BC60007B4D7 /* CoreDataScratch.app */,
				D4FEDACD1C246BC60007B4D7 /* CoreDataScratchTests.xctest */,
				D4FEDAD81C246BC60007B4D7 /* CoreDataScratchUITests.xctest */,
			);
			name = Products;
			sourceTree = "<group>";
		};
		D4FEDAB81C246BC60007B4D7 /* CoreDataScratch */ = {
			isa = PBXGroup;
			children = (
				D40558E71C67ACFB00A64D60 /* temp.xml */,
				D4BE2DAA1C5B200E0018A88F /* Akharat Launch Screen.jpg */,
				D45FB2941C5A12E0001CC1A2 /* AAADB_LogMO+CoreDataProperties.swift */,
				D45FB2951C5A12E0001CC1A2 /* AAADB_LogMO.swift */,
				D45FB2691C5A0EF6001CC1A2 /* CoreDataScratch.xcdatamodeld */,
				D48E95D31C6B1DA800BB7C73 /* Ingredients+CoreDataProperties.swift */,
				D45FB27C1C5A11B0001CC1A2 /* UserRoles+CoreDataProperties.swift */,
				D45FB27D1C5A11B0001CC1A2 /* UserRoles.swift */,
				D45FB27E1C5A11B0001CC1A2 /* Roles+CoreDataProperties.swift */,
				D45FB27F1C5A11B0001CC1A2 /* Roles.swift */,
				D45FB2801C5A11B0001CC1A2 /* Permissions+CoreDataProperties.swift */,
				D45FB2811C5A11B0001CC1A2 /* Permissions.swift */,
				D45FB2741C5A10BC001CC1A2 /* AAASettingsMO+CoreDataProperties.swift */,
				D45FB2751C5A10BC001CC1A2 /* AAASettingsMO.swift */,
				D45FB26C1C5A1055001CC1A2 /* AAAUsersMO+CoreDataProperties.swift */,
				D45FB26D1C5A1055001CC1A2 /* AAAUsersMO.swift */,
				D45FB2611C57E11C001CC1A2 /* AAAProductsWithIngredientsMO+CoreDataProperties.swift */,
				D45FB2621C57E11C001CC1A2 /* AAAProductsWithIngredientsMO.swift */,
				D467D2D51C346AF60061E7EF /* AAAMasterProductsMO+CoreDataProperties.swift */,
				D467D2D61C346AF60061E7EF /* AAAMasterProductsMO.swift */,
				D4E550C01C2BFFB400199198 /* Ingredients.swift */,
				D4FEDAB91C246BC60007B4D7 /* AppDelegate.swift */,
				D4FEDABB1C246BC60007B4D7 /* ViewController.swift */,
				D467D2E91C34780E0061E7EF /* BarcodeViewController.swift */,
				D440F0871C61BDCD00F22BB6 /* TableViewController.swift */,
				D440F0851C61BD8A00F22BB6 /* Temp.swift */,
				D4C089281C608D5D003E2D22 /* IngredientsTableViewController.swift */,
				D4C089241C5FBB35003E2D22 /* IngredientsViewController.swift */,
				D45FB2651C581DDF001CC1A2 /* IngredientBundles.swift */,
				D481E2451C56A8D2004B8615 /* IngredientsTableViewCell.swift */,
				D4FEDABD1C246BC60007B4D7 /* Main.storyboard */,
				D4E55BEC1C50CBAE00B9468C /* AddProductManuallyController.swift */,
				D4FEDAC31C246BC60007B4D7 /* Assets.xcassets */,
				D4FEDAC51C246BC60007B4D7 /* LaunchScreen.storyboard */,
				D4FEDAC81C246BC60007B4D7 /* Info.plist */,
				D4FEDAEA1C246F320007B4D7 /* DataController.swift */,
				D4BD07ED1C63C046007DF24E /* DataControllerCentral.swift */,
			);
			path = CoreDataScratch;
			sourceTree = "<group>";
		};
		D4FEDAD01C246BC60007B4D7 /* CoreDataScratchTests */ = {
			isa = PBXGroup;
			children = (
				D4FEDAD11C246BC60007B4D7 /* CoreDataScratchTests.swift */,
				D4FEDAD31C246BC60007B4D7 /* Info.plist */,
			);
			path = CoreDataScratchTests;
			sourceTree = "<group>";
		};
		D4FEDADB1C246BC60007B4D7 /* CoreDataScratchUITests */ = {
			isa = PBXGroup;
			children = (
				D4FEDADC1C246BC60007B4D7 /* CoreDataScratchUITests.swift */,
				D4FEDADE1C246BC60007B4D7 /* Info.plist */,
			);
			path = CoreDataScratchUITests;
			sourceTree = "<group>";
		};
/* End PBXGroup section */

/* Begin PBXNativeTarget section */
		D4FEDAB51C246BC60007B4D7 /* CoreDataScratch */ = {
			isa = PBXNativeTarget;
			buildConfigurationList = D4FEDAE11C246BC60007B4D7 /* Build configuration list for PBXNativeTarget "CoreDataScratch" */;
			buildPhases = (
				D4FEDAB21C246BC60007B4D7 /* Sources */,
				D4FEDAB31C246BC60007B4D7 /* Frameworks */,
				D4FEDAB41C246BC60007B4D7 /* Resources */,
			);
			buildRules = (
			);
			dependencies = (
			);
			name = CoreDataScratch;
			productName = CoreDataScratch;
			productReference = D4FEDAB61C246BC60007B4D7 /* CoreDataScratch.app */;
			productType = "com.apple.product-type.application";
		};
		D4FEDACC1C246BC60007B4D7 /* CoreDataScratchTests */ = {
			isa = PBXNativeTarget;
			buildConfigurationList = D4FEDAE41C246BC60007B4D7 /* Build configuration list for PBXNativeTarget "CoreDataScratchTests" */;
			buildPhases = (
				D4FEDAC91C246BC60007B4D7 /* Sources */,
				D4FEDACA1C246BC60007B4D7 /* Frameworks */,
				D4FEDACB1C246BC60007B4D7 /* Resources */,
			);
			buildRules = (
			);
			dependencies = (
				D4FEDACF1C246BC60007B4D7 /* PBXTargetDependency */,
			);
			name = CoreDataScratchTests;
			productName = CoreDataScratchTests;
			productReference = D4FEDACD1C246BC60007B4D7 /* CoreDataScratchTests.xctest */;
			productType = "com.apple.product-type.bundle.unit-test";
		};
		D4FEDAD71C246BC60007B4D7 /* CoreDataScratchUITests */ = {
			isa = PBXNativeTarget;
			buildConfigurationList = D4FEDAE71C246BC60007B4D7 /* Build configuration list for PBXNativeTarget "CoreDataScratchUITests" */;
			buildPhases = (
				D4FEDAD41C246BC60007B4D7 /* Sources */,
				D4FEDAD51C246BC60007B4D7 /* Frameworks */,
				D4FEDAD61C246BC60007B4D7 /* Resources */,
			);
			buildRules = (
			);
			dependencies = (
				D4FEDADA1C246BC60007B4D7 /* PBXTargetDependency */,
			);
			name = CoreDataScratchUITests;
			productName = CoreDataScratchUITests;
			productReference = D4FEDAD81C246BC60007B4D7 /* CoreDataScratchUITests.xctest */;
			productType = "com.apple.product-type.bundle.ui-testing";
		};
/* End PBXNativeTarget section */

/* Begin PBXProject section */
		D4FEDAAE1C246BC60007B4D7 /* Project object */ = {
			isa = PBXProject;
			attributes = {
				LastSwiftUpdateCheck = 0720;
				LastUpgradeCheck = 0720;
				ORGANIZATIONNAME = "Be My Competence AB";
				TargetAttributes = {
					D4FEDAB51C246BC60007B4D7 = {
						CreatedOnToolsVersion = 7.2;
						DevelopmentTeam = 5CVAFDS3BY;
					};
					D4FEDACC1C246BC60007B4D7 = {
						CreatedOnToolsVersion = 7.2;
						TestTargetID = D4FEDAB51C246BC60007B4D7;
					};
					D4FEDAD71C246BC60007B4D7 = {
						CreatedOnToolsVersion = 7.2;
						TestTargetID = D4FEDAB51C246BC60007B4D7;
					};
				};
			};
			buildConfigurationList = D4FEDAB11C246BC60007B4D7 /* Build configuration list for PBXProject "CoreDataScratch" */;
			compatibilityVersion = "Xcode 3.2";
			developmentRegion = English;
			hasScannedForEncodings = 0;
			knownRegions = (
				en,
				Base,
			);
			mainGroup = D4FEDAAD1C246BC60007B4D7;
			productRefGroup = D4FEDAB71C246BC60007B4D7 /* Products */;
			projectDirPath = "";
			projectRoot = "";
			targets = (
				D4FEDAB51C246BC60007B4D7 /* CoreDataScratch */,
				D4FEDACC1C246BC60007B4D7 /* CoreDataScratchTests */,
				D4FEDAD71C246BC60007B4D7 /* CoreDataScratchUITests */,
			);
		};
/* End PBXProject section */

/* Begin PBXResourcesBuildPhase section */
		D4FEDAB41C246BC60007B4D7 /* Resources */ = {
			isa = PBXResourcesBuildPhase;
			buildActionMask = 2147483647;
			files = (
				D4FEDAC71C246BC60007B4D7 /* LaunchScreen.storyboard in Resources */,
				D4BE2DAB1C5B200F0018A88F /* Akharat Launch Screen.jpg in Resources */,
				D40558E81C67ACFB00A64D60 /* temp.xml in Resources */,
				D4FEDAC41C246BC60007B4D7 /* Assets.xcassets in Resources */,
				D4FEDABF1C246BC60007B4D7 /* Main.storyboard in Resources */,
			);
			runOnlyForDeploymentPostprocessing = 0;
		};
		D4FEDACB1C246BC60007B4D7 /* Resources */ = {
			isa = PBXResourcesBuildPhase;
			buildActionMask = 2147483647;
			files = (
			);
			runOnlyForDeploymentPostprocessing = 0;
		};
		D4FEDAD61C246BC60007B4D7 /* Resources */ = {
			isa = PBXResourcesBuildPhase;
			buildActionMask = 2147483647;
			files = (
			);
			runOnlyForDeploymentPostprocessing = 0;
		};
/* End PBXResourcesBuildPhase section */

/* Begin PBXSourcesBuildPhase section */
		D4FEDAB21C246BC60007B4D7 /* Sources */ = {
			isa = PBXSourcesBuildPhase;
			buildActionMask = 2147483647;
			files = (
				D45FB2821C5A11B0001CC1A2 /* UserRoles+CoreDataProperties.swift in Sources */,
				D4BD07EE1C63C046007DF24E /* DataControllerCentral.swift in Sources */,
				D45FB2881C5A11B0001CC1A2 /* Roles+CoreDataProperties.swift in Sources */,
				D45FB2641C57E11C001CC1A2 /* AAAProductsWithIngredientsMO.swift in Sources */,
				D45FB2631C57E11C001CC1A2 /* AAAProductsWithIngredientsMO+CoreDataProperties.swift in Sources */,
				D45FB2791C5A10BC001CC1A2 /* AAASettingsMO.swift in Sources */,
				D4E550C21C2BFFB400199198 /* Ingredients.swift in Sources */,
				D4E55BED1C50CBAE00B9468C /* AddProductManuallyController.swift in Sources */,
				D45FB2851C5A11B0001CC1A2 /* UserRoles.swift in Sources */,
				D45FB2961C5A12E0001CC1A2 /* AAADB_LogMO+CoreDataProperties.swift in Sources */,
				D45FB2711C5A1055001CC1A2 /* AAAUsersMO.swift in Sources */,
				D45FB2991C5A12E0001CC1A2 /* AAADB_LogMO.swift in Sources */,
				D467D2E01C346AF60061E7EF /* AAAMasterProductsMO.swift in Sources */,
				D45FB2761C5A10BC001CC1A2 /* AAASettingsMO+CoreDataProperties.swift in Sources */,
				D440F0881C61BDCD00F22BB6 /* TableViewController.swift in Sources */,
				D45FB28B1C5A11B0001CC1A2 /* Roles.swift in Sources */,
				D481E2461C56A8D2004B8615 /* IngredientsTableViewCell.swift in Sources */,
				D45FB28E1C5A11B0001CC1A2 /* Permissions+CoreDataProperties.swift in Sources */,
				D440F0861C61BD8A00F22BB6 /* Temp.swift in Sources */,
				D45FB2661C581DDF001CC1A2 /* IngredientBundles.swift in Sources */,
				D467D2DD1C346AF60061E7EF /* AAAMasterProductsMO+CoreDataProperties.swift in Sources */,
				D48E95D41C6B1DA800BB7C73 /* Ingredients+CoreDataProperties.swift in Sources */,
				D467D2EA1C34780E0061E7EF /* BarcodeViewController.swift in Sources */,
				D45FB26E1C5A1055001CC1A2 /* AAAUsersMO+CoreDataProperties.swift in Sources */,
				D4C089291C608D5D003E2D22 /* IngredientsTableViewController.swift in Sources */,
				D4FEDAEB1C246F320007B4D7 /* DataController.swift in Sources */,
				D45FB2911C5A11B0001CC1A2 /* Permissions.swift in Sources */,
				D4FEDABC1C246BC60007B4D7 /* ViewController.swift in Sources */,
				D45FB26B1C5A0EF6001CC1A2 /* CoreDataScratch.xcdatamodeld in Sources */,
				D4C089251C5FBB35003E2D22 /* IngredientsViewController.swift in Sources */,
				D4FEDABA1C246BC60007B4D7 /* AppDelegate.swift in Sources */,
			);
			runOnlyForDeploymentPostprocessing = 0;
		};
		D4FEDAC91C246BC60007B4D7 /* Sources */ = {
			isa = PBXSourcesBuildPhase;
			buildActionMask = 2147483647;
			files = (
				D45FB2831C5A11B0001CC1A2 /* UserRoles+CoreDataProperties.swift in Sources */,
				D4C0892A1C608D5D003E2D22 /* IngredientsTableViewController.swift in Sources */,
				D45FB2891C5A11B0001CC1A2 /* Roles+CoreDataProperties.swift in Sources */,
				D4BD07EF1C63C046007DF24E /* DataControllerCentral.swift in Sources */,
				D45FB2971C5A12E0001CC1A2 /* AAADB_LogMO+CoreDataProperties.swift in Sources */,
				D45FB2771C5A10BC001CC1A2 /* AAASettingsMO+CoreDataProperties.swift in Sources */,
				D48E95D51C6B1DA800BB7C73 /* Ingredients+CoreDataProperties.swift in Sources */,
				D45FB2861C5A11B0001CC1A2 /* UserRoles.swift in Sources */,
				D4C089261C5FBB35003E2D22 /* IngredientsViewController.swift in Sources */,
				D45FB2721C5A1055001CC1A2 /* AAAUsersMO.swift in Sources */,
				D45FB2671C581DDF001CC1A2 /* IngredientBundles.swift in Sources */,
				D45FB28F1C5A11B0001CC1A2 /* Permissions+CoreDataProperties.swift in Sources */,
				D4FEDAD21C246BC60007B4D7 /* CoreDataScratchTests.swift in Sources */,
				D45FB26F1C5A1055001CC1A2 /* AAAUsersMO+CoreDataProperties.swift in Sources */,
				D45FB28C1C5A11B0001CC1A2 /* Roles.swift in Sources */,
				D45FB29A1C5A12E0001CC1A2 /* AAADB_LogMO.swift in Sources */,
				D467D2DE1C346AF60061E7EF /* AAAMasterProductsMO+CoreDataProperties.swift in Sources */,
				D45FB27A1C5A10BC001CC1A2 /* AAASettingsMO.swift in Sources */,
				D4FEDAEC1C246F320007B4D7 /* DataController.swift in Sources */,
				D440F0891C61BDCD00F22BB6 /* TableViewController.swift in Sources */,
				D467D2E11C346AF60061E7EF /* AAAMasterProductsMO.swift in Sources */,
				D45FB2921C5A11B0001CC1A2 /* Permissions.swift in Sources */,
				D4E55BEE1C50CBAE00B9468C /* AddProductManuallyController.swift in Sources */,
				D467D2EB1C34780E0061E7EF /* BarcodeViewController.swift in Sources */,
			);
			runOnlyForDeploymentPostprocessing = 0;
		};
		D4FEDAD41C246BC60007B4D7 /* Sources */ = {
			isa = PBXSourcesBuildPhase;
			buildActionMask = 2147483647;
			files = (
				D45FB2841C5A11B0001CC1A2 /* UserRoles+CoreDataProperties.swift in Sources */,
				D4C0892B1C608D5D003E2D22 /* IngredientsTableViewController.swift in Sources */,
				D45FB28A1C5A11B0001CC1A2 /* Roles+CoreDataProperties.swift in Sources */,
				D4BD07F01C63C046007DF24E /* DataControllerCentral.swift in Sources */,
				D45FB2981C5A12E0001CC1A2 /* AAADB_LogMO+CoreDataProperties.swift in Sources */,
				D45FB2781C5A10BC001CC1A2 /* AAASettingsMO+CoreDataProperties.swift in Sources */,
				D48E95D61C6B1DA800BB7C73 /* Ingredients+CoreDataProperties.swift in Sources */,
				D45FB2871C5A11B0001CC1A2 /* UserRoles.swift in Sources */,
				D4C089271C5FBB35003E2D22 /* IngredientsViewController.swift in Sources */,
				D45FB2731C5A1055001CC1A2 /* AAAUsersMO.swift in Sources */,
				D45FB2681C581DDF001CC1A2 /* IngredientBundles.swift in Sources */,
				D45FB2901C5A11B0001CC1A2 /* Permissions+CoreDataProperties.swift in Sources */,
				D4FEDADD1C246BC60007B4D7 /* CoreDataScratchUITests.swift in Sources */,
				D45FB2701C5A1055001CC1A2 /* AAAUsersMO+CoreDataProperties.swift in Sources */,
				D45FB28D1C5A11B0001CC1A2 /* Roles.swift in Sources */,
				D45FB29B1C5A12E0001CC1A2 /* AAADB_LogMO.swift in Sources */,
				D467D2DF1C346AF60061E7EF /* AAAMasterProductsMO+CoreDataProperties.swift in Sources */,
				D45FB27B1C5A10BC001CC1A2 /* AAASettingsMO.swift in Sources */,
				D4FEDAED1C246F320007B4D7 /* DataController.swift in Sources */,
				D440F08A1C61BDCD00F22BB6 /* TableViewController.swift in Sources */,
				D467D2E21C346AF60061E7EF /* AAAMasterProductsMO.swift in Sources */,
				D45FB2931C5A11B0001CC1A2 /* Permissions.swift in Sources */,
				D4E55BEF1C50CBAE00B9468C /* AddProductManuallyController.swift in Sources */,
				D467D2EC1C34780E0061E7EF /* BarcodeViewController.swift in Sources */,
			);
			runOnlyForDeploymentPostprocessing = 0;
		};
/* End PBXSourcesBuildPhase section */

/* Begin PBXTargetDependency section */
		D4FEDACF1C246BC60007B4D7 /* PBXTargetDependency */ = {
			isa = PBXTargetDependency;
			target = D4FEDAB51C246BC60007B4D7 /* CoreDataScratch */;
			targetProxy = D4FEDACE1C246BC60007B4D7 /* PBXContainerItemProxy */;
		};
		D4FEDADA1C246BC60007B4D7 /* PBXTargetDependency */ = {
			isa = PBXTargetDependency;
			target = D4FEDAB51C246BC60007B4D7 /* CoreDataScratch */;
			targetProxy = D4FEDAD91C246BC60007B4D7 /* PBXContainerItemProxy */;
		};
/* End PBXTargetDependency section */

/* Begin PBXVariantGroup section */
		D4FEDABD1C246BC60007B4D7 /* Main.storyboard */ = {
			isa = PBXVariantGroup;
			children = (
				D4FEDABE1C246BC60007B4D7 /* Base */,
			);
			name = Main.storyboard;
			sourceTree = "<group>";
		};
		D4FEDAC51C246BC60007B4D7 /* LaunchScreen.storyboard */ = {
			isa = PBXVariantGroup;
			children = (
				D4FEDAC61C246BC60007B4D7 /* Base */,
			);
			name = LaunchScreen.storyboard;
			sourceTree = "<group>";
		};
/* End PBXVariantGroup section */

/* Begin XCBuildConfiguration section */
		D4FEDADF1C246BC60007B4D7 /* Debug */ = {
			isa = XCBuildConfiguration;
			buildSettings = {
				ALWAYS_SEARCH_USER_PATHS = NO;
				CLANG_CXX_LANGUAGE_STANDARD = "gnu++0x";
				CLANG_CXX_LIBRARY = "libc++";
				CLANG_ENABLE_MODULES = YES;
				CLANG_ENABLE_OBJC_ARC = YES;
				CLANG_WARN_BOOL_CONVERSION = YES;
				CLANG_WARN_CONSTANT_CONVERSION = YES;
				CLANG_WARN_DIRECT_OBJC_ISA_USAGE = YES_ERROR;
				CLANG_WARN_EMPTY_BODY = YES;
				CLANG_WARN_ENUM_CONVERSION = YES;
				CLANG_WARN_INT_CONVERSION = YES;
				CLANG_WARN_OBJC_ROOT_CLASS = YES_ERROR;
				CLANG_WARN_UNREACHABLE_CODE = YES;
				CLANG_WARN__DUPLICATE_METHOD_MATCH = YES;
				"CODE_SIGN_IDENTITY[sdk=iphoneos*]" = "iPhone Developer";
				COPY_PHASE_STRIP = NO;
				DEBUG_INFORMATION_FORMAT = dwarf;
				ENABLE_STRICT_OBJC_MSGSEND = YES;
				ENABLE_TESTABILITY = YES;
				GCC_C_LANGUAGE_STANDARD = gnu99;
				GCC_DYNAMIC_NO_PIC = NO;
				GCC_NO_COMMON_BLOCKS = YES;
				GCC_OPTIMIZATION_LEVEL = 0;
				GCC_PREPROCESSOR_DEFINITIONS = (
					"DEBUG=1",
					"$(inherited)",
				);
				GCC_WARN_64_TO_32_BIT_CONVERSION = YES;
				GCC_WARN_ABOUT_RETURN_TYPE = YES_ERROR;
				GCC_WARN_UNDECLARED_SELECTOR = YES;
				GCC_WARN_UNINITIALIZED_AUTOS = YES_AGGRESSIVE;
				GCC_WARN_UNUSED_FUNCTION = YES;
				GCC_WARN_UNUSED_VARIABLE = YES;
				IPHONEOS_DEPLOYMENT_TARGET = 9.2;
				MTL_ENABLE_DEBUG_INFO = YES;
				ONLY_ACTIVE_ARCH = YES;
				SDKROOT = iphoneos;
				SWIFT_OPTIMIZATION_LEVEL = "-Onone";
				TARGETED_DEVICE_FAMILY = "1,2";
			};
			name = Debug;
		};
		D4FEDAE01C246BC60007B4D7 /* Release */ = {
			isa = XCBuildConfiguration;
			buildSettings = {
				ALWAYS_SEARCH_USER_PATHS = NO;
				CLANG_CXX_LANGUAGE_STANDARD = "gnu++0x";
				CLANG_CXX_LIBRARY = "libc++";
				CLANG_ENABLE_MODULES = YES;
				CLANG_ENABLE_OBJC_ARC = YES;
				CLANG_WARN_BOOL_CONVERSION = YES;
				CLANG_WARN_CONSTANT_CONVERSION = YES;
				CLANG_WARN_DIRECT_OBJC_ISA_USAGE = YES_ERROR;
				CLANG_WARN_EMPTY_BODY = YES;
				CLANG_WARN_ENUM_CONVERSION = YES;
				CLANG_WARN_INT_CONVERSION = YES;
				CLANG_WARN_OBJC_ROOT_CLASS = YES_ERROR;
				CLANG_WARN_UNREACHABLE_CODE = YES;
				CLANG_WARN__DUPLICATE_METHOD_MATCH = YES;
				"CODE_SIGN_IDENTITY[sdk=iphoneos*]" = "iPhone Developer";
				COPY_PHASE_STRIP = NO;
				DEBUG_INFORMATION_FORMAT = "dwarf-with-dsym";
				ENABLE_NS_ASSERTIONS = NO;
				ENABLE_STRICT_OBJC_MSGSEND = YES;
				GCC_C_LANGUAGE_STANDARD = gnu99;
				GCC_NO_COMMON_BLOCKS = YES;
				GCC_WARN_64_TO_32_BIT_CONVERSION = YES;
				GCC_WARN_ABOUT_RETURN_TYPE = YES_ERROR;
				GCC_WARN_UNDECLARED_SELECTOR = YES;
				GCC_WARN_UNINITIALIZED_AUTOS = YES_AGGRESSIVE;
				GCC_WARN_UNUSED_FUNCTION = YES;
				GCC_WARN_UNUSED_VARIABLE = YES;
				IPHONEOS_DEPLOYMENT_TARGET = 9.2;
				MTL_ENABLE_DEBUG_INFO = NO;
				SDKROOT = iphoneos;
				TARGETED_DEVICE_FAMILY = "1,2";
				VALIDATE_PRODUCT = YES;
			};
			name = Release;
		};
		D4FEDAE21C246BC60007B4D7 /* Debug */ = {
			isa = XCBuildConfiguration;
			buildSettings = {
				ASSETCATALOG_COMPILER_APPICON_NAME = AppIcon;
				CODE_SIGN_IDENTITY = "iPhone Developer";
				"CODE_SIGN_IDENTITY[sdk=iphoneos*]" = "iPhone Developer";
				INFOPLIST_FILE = CoreDataScratch/Info.plist;
				IPHONEOS_DEPLOYMENT_TARGET = 9.1;
				LD_RUNPATH_SEARCH_PATHS = "$(inherited) @executable_path/Frameworks";
				PRODUCT_BUNDLE_IDENTIFIER = BeMyCompetenceAB.CoreDataScratch;
				PRODUCT_NAME = "$(TARGET_NAME)";
				PROVISIONING_PROFILE = "";
				TARGETED_DEVICE_FAMILY = 1;
			};
			name = Debug;
		};
		D4FEDAE31C246BC60007B4D7 /* Release */ = {
			isa = XCBuildConfiguration;
			buildSettings = {
				ASSETCATALOG_COMPILER_APPICON_NAME = AppIcon;
				CODE_SIGN_IDENTITY = "iPhone Developer";
				"CODE_SIGN_IDENTITY[sdk=iphoneos*]" = "iPhone Developer";
				INFOPLIST_FILE = CoreDataScratch/Info.plist;
				IPHONEOS_DEPLOYMENT_TARGET = 9.1;
				LD_RUNPATH_SEARCH_PATHS = "$(inherited) @executable_path/Frameworks";
				PRODUCT_BUNDLE_IDENTIFIER = BeMyCompetenceAB.CoreDataScratch;
				PRODUCT_NAME = "$(TARGET_NAME)";
				PROVISIONING_PROFILE = "";
				TARGETED_DEVICE_FAMILY = 1;
			};
			name = Release;
		};
		D4FEDAE51C246BC60007B4D7 /* Debug */ = {
			isa = XCBuildConfiguration;
			buildSettings = {
				BUNDLE_LOADER = "$(TEST_HOST)";
				INFOPLIST_FILE = CoreDataScratchTests/Info.plist;
				LD_RUNPATH_SEARCH_PATHS = "$(inherited) @executable_path/Frameworks @loader_path/Frameworks";
				PRODUCT_BUNDLE_IDENTIFIER = BeMyCompetenceAB.CoreDataScratchTests;
				PRODUCT_NAME = "$(TARGET_NAME)";
				TEST_HOST = "$(BUILT_PRODUCTS_DIR)/CoreDataScratch.app/CoreDataScratch";
			};
			name = Debug;
		};
		D4FEDAE61C246BC60007B4D7 /* Release */ = {
			isa = XCBuildConfiguration;
			buildSettings = {
				BUNDLE_LOADER = "$(TEST_HOST)";
				INFOPLIST_FILE = CoreDataScratchTests/Info.plist;
				LD_RUNPATH_SEARCH_PATHS = "$(inherited) @executable_path/Frameworks @loader_path/Frameworks";
				PRODUCT_BUNDLE_IDENTIFIER = BeMyCompetenceAB.CoreDataScratchTests;
				PRODUCT_NAME = "$(TARGET_NAME)";
				TEST_HOST = "$(BUILT_PRODUCTS_DIR)/CoreDataScratch.app/CoreDataScratch";
			};
			name = Release;
		};
		D4FEDAE81C246BC60007B4D7 /* Debug */ = {
			isa = XCBuildConfiguration;
			buildSettings = {
				INFOPLIST_FILE = CoreDataScratchUITests/Info.plist;
				LD_RUNPATH_SEARCH_PATHS = "$(inherited) @executable_path/Frameworks @loader_path/Frameworks";
				PRODUCT_BUNDLE_IDENTIFIER = BeMyCompetenceAB.CoreDataScratchUITests;
				PRODUCT_NAME = "$(TARGET_NAME)";
				TEST_TARGET_NAME = CoreDataScratch;
				USES_XCTRUNNER = YES;
			};
			name = Debug;
		};
		D4FEDAE91C246BC60007B4D7 /* Release */ = {
			isa = XCBuildConfiguration;
			buildSettings = {
				INFOPLIST_FILE = CoreDataScratchUITests/Info.plist;
				LD_RUNPATH_SEARCH_PATHS = "$(inherited) @executable_path/Frameworks @loader_path/Frameworks";
				PRODUCT_BUNDLE_IDENTIFIER = BeMyCompetenceAB.CoreDataScratchUITests;
				PRODUCT_NAME = "$(TARGET_NAME)";
				TEST_TARGET_NAME = CoreDataScratch;
				USES_XCTRUNNER = YES;
			};
			name = Release;
		};
/* End XCBuildConfiguration section */

/* Begin XCConfigurationList section */
		D4FEDAB11C246BC60007B4D7 /* Build configuration list for PBXProject "CoreDataScratch" */ = {
			isa = XCConfigurationList;
			buildConfigurations = (
				D4FEDADF1C246BC60007B4D7 /* Debug */,
				D4FEDAE01C246BC60007B4D7 /* Release */,
			);
			defaultConfigurationIsVisible = 0;
			defaultConfigurationName = Release;
		};
		D4FEDAE11C246BC60007B4D7 /* Build configuration list for PBXNativeTarget "CoreDataScratch" */ = {
			isa = XCConfigurationList;
			buildConfigurations = (
				D4FEDAE21C246BC60007B4D7 /* Debug */,
				D4FEDAE31C246BC60007B4D7 /* Release */,
			);
			defaultConfigurationIsVisible = 0;
			defaultConfigurationName = Release;
		};
		D4FEDAE41C246BC60007B4D7 /* Build configuration list for PBXNativeTarget "CoreDataScratchTests" */ = {
			isa = XCConfigurationList;
			buildConfigurations = (
				D4FEDAE51C246BC60007B4D7 /* Debug */,
				D4FEDAE61C246BC60007B4D7 /* Release */,
			);
			defaultConfigurationIsVisible = 0;
			defaultConfigurationName = Release;
		};
		D4FEDAE71C246BC60007B4D7 /* Build configuration list for PBXNativeTarget "CoreDataScratchUITests" */ = {
			isa = XCConfigurationList;
			buildConfigurations = (
				D4FEDAE81C246BC60007B4D7 /* Debug */,
				D4FEDAE91C246BC60007B4D7 /* Release */,
			);
			defaultConfigurationIsVisible = 0;
			defaultConfigurationName = Release;
		};
/* End XCConfigurationList section */

/* Begin XCVersionGroup section */
		D45FB2691C5A0EF6001CC1A2 /* CoreDataScratch.xcdatamodeld */ = {
			isa = XCVersionGroup;
			children = (
				D45FB26A1C5A0EF6001CC1A2 /* CoreDataScratch.xcdatamodel */,
			);
			currentVersion = D45FB26A1C5A0EF6001CC1A2 /* CoreDataScratch.xcdatamodel */;
			path = CoreDataScratch.xcdatamodeld;
			sourceTree = "<group>";
			versionGroupType = wrapper.xcdatamodel;
		};
/* End XCVersionGroup section */
	};
	rootObject = D4FEDAAE1C246BC60007B4D7 /* Project object */;
}
